
Microsoft Visual Studio Solution File, Format Version 12.00
# Visual Studio 15
VisualStudioVersion = 15.0.27703.2042
MinimumVisualStudioVersion = 10.0.40219.1
Project("{2150E333-8FDC-42A3-9474-1A3956D46DE8}") = "1 - Structural", "1 - Structural", "{41DC0581-D946-411C-B292-76F598F2BE51}"
EndProject
Project("{2150E333-8FDC-42A3-9474-1A3956D46DE8}") = "2 - Creational", "2 - Creational", "{A9104719-1096-47F2-B447-C1B7D13E79ED}"
EndProject
Project("{2150E333-8FDC-42A3-9474-1A3956D46DE8}") = "3 - Behavioral", "3 - Behavioral", "{8B7E430F-C755-4213-9287-CF22C07D241D}"
EndProject
Project("{FAE04EC0-301F-11D3-BF4B-00C04F79EFBC}") = "AbstractFactory", "Abstract_Factory\AbstractFactory.csproj", "{8F89CC95-CAE6-4C71-93F5-08E2E84DE276}"
EndProject
Project("{FAE04EC0-301F-11D3-BF4B-00C04F79EFBC}") = "FactoryMethod", "Factory_Method\FactoryMethod.csproj", "{33D2FF6B-9B65-4DBB-A873-C9352D646CE7}"
EndProject
Project("{FAE04EC0-301F-11D3-BF4B-00C04F79EFBC}") = "Builder", "Builder\Builder.csproj", "{0E202081-F099-442C-94C8-86CD7D686285}"
EndProject
Project("{FAE04EC0-301F-11D3-BF4B-00C04F79EFBC}") = "Prototype", "Prototype\Prototype.csproj", "{5C92C83F-53DB-4D49-A6C0-4225A6C1CF0E}"
EndProject
Project("{FAE04EC0-301F-11D3-BF4B-00C04F79EFBC}") = "Singleton", "Singleton\Singleton.csproj", "{D3BEF277-8D08-4CDC-8F91-765E410D8B77}"
EndProject
Project("{FAE04EC0-301F-11D3-BF4B-00C04F79EFBC}") = "Adapter", "Adapter\Adapter.csproj", "{1C150413-91D6-4165-91E9-2BC512122C21}"
EndProject
Project("{FAE04EC0-301F-11D3-BF4B-00C04F79EFBC}") = "Bridge", "Bridge\Bridge.csproj", "{02FFE2E3-E311-4BDA-90B8-A3B30CB9F672}"
EndProject
Project("{FAE04EC0-301F-11D3-BF4B-00C04F79EFBC}") = "Composite", "Composite\Composite.csproj", "{7A028985-5D71-4898-A7BC-E2359BE64A2A}"
EndProject
Project("{FAE04EC0-301F-11D3-BF4B-00C04F79EFBC}") = "Decorator", "Decorator\Decorator.csproj", "{C8504262-426E-43DB-9A2A-0EAC0AC859A1}"
EndProject
Project("{FAE04EC0-301F-11D3-BF4B-00C04F79EFBC}") = "Facade", "Facade\Facade.csproj", "{42C713A5-6301-4598-B58A-C1C5E1E763F2}"
EndProject
Project("{FAE04EC0-301F-11D3-BF4B-00C04F79EFBC}") = "Flyweight", "Flyweight\Flyweight.csproj", "{250D2B70-1A7F-444B-8EAA-1A0D0AA490D2}"
EndProject
Project("{FAE04EC0-301F-11D3-BF4B-00C04F79EFBC}") = "Proxy", "Proxy\Proxy.csproj", "{8767421E-0E90-4CC5-86B0-967D71F9143A}"
EndProject
Project("{FAE04EC0-301F-11D3-BF4B-00C04F79EFBC}") = "ChainofResponsibility", "ChainofResponsibility\ChainofResponsibility.csproj", "{7A7D5B7A-6B63-45FB-8976-CC6163976447}"
EndProject
Project("{FAE04EC0-301F-11D3-BF4B-00C04F79EFBC}") = "Command", "Command\Command.csproj", "{2BC447C8-3705-4BE1-9725-B68A016A90E4}"
EndProject
Project("{FAE04EC0-301F-11D3-BF4B-00C04F79EFBC}") = "Interpreter", "Interpreter\Interpreter.csproj", "{2C1FD5B8-4484-4E94-A320-1D10F0D1118E}"
EndProject
Project("{FAE04EC0-301F-11D3-BF4B-00C04F79EFBC}") = "Iterator", "Iterator\Iterator.csproj", "{D3B42981-B0C7-4ACF-8757-5F654E5CC5B9}"
EndProject
Project("{FAE04EC0-301F-11D3-BF4B-00C04F79EFBC}") = "Mediator", "Mediator\Mediator.csproj", "{6BEDA1BF-BC6A-4527-9251-C344B33142A1}"
EndProject
Project("{FAE04EC0-301F-11D3-BF4B-00C04F79EFBC}") = "Memento", "Memento\Memento.csproj", "{CBE50EF9-1BCC-4F66-BD44-C6D803C9D9CD}"
EndProject
Project("{FAE04EC0-301F-11D3-BF4B-00C04F79EFBC}") = "Observer", "Observer\Observer.csproj", "{3CAB301E-2E2C-4ADE-9BE5-A11767873B9F}"
EndProject
Project("{FAE04EC0-301F-11D3-BF4B-00C04F79EFBC}") = "State", "State\State.csproj", "{1144099E-74F3-496D-A6D9-0787F771C751}"
EndProject
Project("{FAE04EC0-301F-11D3-BF4B-00C04F79EFBC}") = "Strategy", "Strategy\Strategy.csproj", "{22B5BECF-9CA0-4CAD-8238-9FBF3DE505DC}"
EndProject
Project("{FAE04EC0-301F-11D3-BF4B-00C04F79EFBC}") = "TemplateMethod", "TemplateMethod\TemplateMethod.csproj", "{1627AA17-CD52-411C-A4D4-CCAA5DEEC429}"
EndProject
Project("{FAE04EC0-301F-11D3-BF4B-00C04F79EFBC}") = "Visitor", "Visitor\Visitor.csproj", "{38047C61-0E92-46E2-9A79-8FB67025268A}"
EndProject
Global
	GlobalSection(SolutionConfigurationPlatforms) = preSolution
		Debug|Any CPU = Debug|Any CPU
		Release|Any CPU = Release|Any CPU
	EndGlobalSection
	GlobalSection(ProjectConfigurationPlatforms) = postSolution
		{8F89CC95-CAE6-4C71-93F5-08E2E84DE276}.Debug|Any CPU.ActiveCfg = Debug|Any CPU
		{8F89CC95-CAE6-4C71-93F5-08E2E84DE276}.Debug|Any CPU.Build.0 = Debug|Any CPU
		{8F89CC95-CAE6-4C71-93F5-08E2E84DE276}.Release|Any CPU.ActiveCfg = Release|Any CPU
		{8F89CC95-CAE6-4C71-93F5-08E2E84DE276}.Release|Any CPU.Build.0 = Release|Any CPU
		{33D2FF6B-9B65-4DBB-A873-C9352D646CE7}.Debug|Any CPU.ActiveCfg = Debug|Any CPU
		{33D2FF6B-9B65-4DBB-A873-C9352D646CE7}.Debug|Any CPU.Build.0 = Debug|Any CPU
		{33D2FF6B-9B65-4DBB-A873-C9352D646CE7}.Release|Any CPU.ActiveCfg = Release|Any CPU
		{33D2FF6B-9B65-4DBB-A873-C9352D646CE7}.Release|Any CPU.Build.0 = Release|Any CPU
		{0E202081-F099-442C-94C8-86CD7D686285}.Debug|Any CPU.ActiveCfg = Debug|Any CPU
		{0E202081-F099-442C-94C8-86CD7D686285}.Debug|Any CPU.Build.0 = Debug|Any CPU
		{0E202081-F099-442C-94C8-86CD7D686285}.Release|Any CPU.ActiveCfg = Release|Any CPU
		{0E202081-F099-442C-94C8-86CD7D686285}.Release|Any CPU.Build.0 = Release|Any CPU
		{5C92C83F-53DB-4D49-A6C0-4225A6C1CF0E}.Debug|Any CPU.ActiveCfg = Debug|Any CPU
		{5C92C83F-53DB-4D49-A6C0-4225A6C1CF0E}.Debug|Any CPU.Build.0 = Debug|Any CPU
		{5C92C83F-53DB-4D49-A6C0-4225A6C1CF0E}.Release|Any CPU.ActiveCfg = Release|Any CPU
		{5C92C83F-53DB-4D49-A6C0-4225A6C1CF0E}.Release|Any CPU.Build.0 = Release|Any CPU
		{D3BEF277-8D08-4CDC-8F91-765E410D8B77}.Debug|Any CPU.ActiveCfg = Debug|Any CPU
		{D3BEF277-8D08-4CDC-8F91-765E410D8B77}.Debug|Any CPU.Build.0 = Debug|Any CPU
		{D3BEF277-8D08-4CDC-8F91-765E410D8B77}.Release|Any CPU.ActiveCfg = Release|Any CPU
		{D3BEF277-8D08-4CDC-8F91-765E410D8B77}.Release|Any CPU.Build.0 = Release|Any CPU
		{1C150413-91D6-4165-91E9-2BC512122C21}.Debug|Any CPU.ActiveCfg = Debug|Any CPU
		{1C150413-91D6-4165-91E9-2BC512122C21}.Debug|Any CPU.Build.0 = Debug|Any CPU
		{1C150413-91D6-4165-91E9-2BC512122C21}.Release|Any CPU.ActiveCfg = Release|Any CPU
		{1C150413-91D6-4165-91E9-2BC512122C21}.Release|Any CPU.Build.0 = Release|Any CPU
		{02FFE2E3-E311-4BDA-90B8-A3B30CB9F672}.Debug|Any CPU.ActiveCfg = Debug|Any CPU
		{02FFE2E3-E311-4BDA-90B8-A3B30CB9F672}.Debug|Any CPU.Build.0 = Debug|Any CPU
		{02FFE2E3-E311-4BDA-90B8-A3B30CB9F672}.Release|Any CPU.ActiveCfg = Release|Any CPU
		{02FFE2E3-E311-4BDA-90B8-A3B30CB9F672}.Release|Any CPU.Build.0 = Release|Any CPU
		{7A028985-5D71-4898-A7BC-E2359BE64A2A}.Debug|Any CPU.ActiveCfg = Debug|Any CPU
		{7A028985-5D71-4898-A7BC-E2359BE64A2A}.Debug|Any CPU.Build.0 = Debug|Any CPU
		{7A028985-5D71-4898-A7BC-E2359BE64A2A}.Release|Any CPU.ActiveCfg = Release|Any CPU
		{7A028985-5D71-4898-A7BC-E2359BE64A2A}.Release|Any CPU.Build.0 = Release|Any CPU
		{C8504262-426E-43DB-9A2A-0EAC0AC859A1}.Debug|Any CPU.ActiveCfg = Debug|Any CPU
		{C8504262-426E-43DB-9A2A-0EAC0AC859A1}.Debug|Any CPU.Build.0 = Debug|Any CPU
		{C8504262-426E-43DB-9A2A-0EAC0AC859A1}.Release|Any CPU.ActiveCfg = Release|Any CPU
		{C8504262-426E-43DB-9A2A-0EAC0AC859A1}.Release|Any CPU.Build.0 = Release|Any CPU
		{42C713A5-6301-4598-B58A-C1C5E1E763F2}.Debug|Any CPU.ActiveCfg = Debug|Any CPU
		{42C713A5-6301-4598-B58A-C1C5E1E763F2}.Debug|Any CPU.Build.0 = Debug|Any CPU
		{42C713A5-6301-4598-B58A-C1C5E1E763F2}.Release|Any CPU.ActiveCfg = Release|Any CPU
		{42C713A5-6301-4598-B58A-C1C5E1E763F2}.Release|Any CPU.Build.0 = Release|Any CPU
		{250D2B70-1A7F-444B-8EAA-1A0D0AA490D2}.Debug|Any CPU.ActiveCfg = Debug|Any CPU
		{250D2B70-1A7F-444B-8EAA-1A0D0AA490D2}.Debug|Any CPU.Build.0 = Debug|Any CPU
		{250D2B70-1A7F-444B-8EAA-1A0D0AA490D2}.Release|Any CPU.ActiveCfg = Release|Any CPU
		{250D2B70-1A7F-444B-8EAA-1A0D0AA490D2}.Release|Any CPU.Build.0 = Release|Any CPU
		{8767421E-0E90-4CC5-86B0-967D71F9143A}.Debug|Any CPU.ActiveCfg = Debug|Any CPU
		{8767421E-0E90-4CC5-86B0-967D71F9143A}.Debug|Any CPU.Build.0 = Debug|Any CPU
		{8767421E-0E90-4CC5-86B0-967D71F9143A}.Release|Any CPU.ActiveCfg = Release|Any CPU
		{8767421E-0E90-4CC5-86B0-967D71F9143A}.Release|Any CPU.Build.0 = Release|Any CPU
		{7A7D5B7A-6B63-45FB-8976-CC6163976447}.Debug|Any CPU.ActiveCfg = Debug|Any CPU
		{7A7D5B7A-6B63-45FB-8976-CC6163976447}.Debug|Any CPU.Build.0 = Debug|Any CPU
		{7A7D5B7A-6B63-45FB-8976-CC6163976447}.Release|Any CPU.ActiveCfg = Release|Any CPU
		{7A7D5B7A-6B63-45FB-8976-CC6163976447}.Release|Any CPU.Build.0 = Release|Any CPU
		{2BC447C8-3705-4BE1-9725-B68A016A90E4}.Debug|Any CPU.ActiveCfg = Debug|Any CPU
		{2BC447C8-3705-4BE1-9725-B68A016A90E4}.Debug|Any CPU.Build.0 = Debug|Any CPU
		{2BC447C8-3705-4BE1-9725-B68A016A90E4}.Release|Any CPU.ActiveCfg = Release|Any CPU
		{2BC447C8-3705-4BE1-9725-B68A016A90E4}.Release|Any CPU.Build.0 = Release|Any CPU
		{2C1FD5B8-4484-4E94-A320-1D10F0D1118E}.Debug|Any CPU.ActiveCfg = Debug|Any CPU
		{2C1FD5B8-4484-4E94-A320-1D10F0D1118E}.Debug|Any CPU.Build.0 = Debug|Any CPU
		{2C1FD5B8-4484-4E94-A320-1D10F0D1118E}.Release|Any CPU.ActiveCfg = Release|Any CPU
		{2C1FD5B8-4484-4E94-A320-1D10F0D1118E}.Release|Any CPU.Build.0 = Release|Any CPU
		{D3B42981-B0C7-4ACF-8757-5F654E5CC5B9}.Debug|Any CPU.ActiveCfg = Debug|Any CPU
		{D3B42981-B0C7-4ACF-8757-5F654E5CC5B9}.Debug|Any CPU.Build.0 = Debug|Any CPU
		{D3B42981-B0C7-4ACF-8757-5F654E5CC5B9}.Release|Any CPU.ActiveCfg = Release|Any CPU
		{D3B42981-B0C7-4ACF-8757-5F654E5CC5B9}.Release|Any CPU.Build.0 = Release|Any CPU
		{6BEDA1BF-BC6A-4527-9251-C344B33142A1}.Debug|Any CPU.ActiveCfg = Debug|Any CPU
		{6BEDA1BF-BC6A-4527-9251-C344B33142A1}.Debug|Any CPU.Build.0 = Debug|Any CPU
		{6BEDA1BF-BC6A-4527-9251-C344B33142A1}.Release|Any CPU.ActiveCfg = Release|Any CPU
		{6BEDA1BF-BC6A-4527-9251-C344B33142A1}.Release|Any CPU.Build.0 = Release|Any CPU
		{CBE50EF9-1BCC-4F66-BD44-C6D803C9D9CD}.Debug|Any CPU.ActiveCfg = Debug|Any CPU
		{CBE50EF9-1BCC-4F66-BD44-C6D803C9D9CD}.Debug|Any CPU.Build.0 = Debug|Any CPU
		{CBE50EF9-1BCC-4F66-BD44-C6D803C9D9CD}.Release|Any CPU.ActiveCfg = Release|Any CPU
		{CBE50EF9-1BCC-4F66-BD44-C6D803C9D9CD}.Release|Any CPU.Build.0 = Release|Any CPU
		{3CAB301E-2E2C-4ADE-9BE5-A11767873B9F}.Debug|Any CPU.ActiveCfg = Debug|Any CPU
		{3CAB301E-2E2C-4ADE-9BE5-A11767873B9F}.Debug|Any CPU.Build.0 = Debug|Any CPU
		{3CAB301E-2E2C-4ADE-9BE5-A11767873B9F}.Release|Any CPU.ActiveCfg = Release|Any CPU
		{3CAB301E-2E2C-4ADE-9BE5-A11767873B9F}.Release|Any CPU.Build.0 = Release|Any CPU
		{1144099E-74F3-496D-A6D9-0787F771C751}.Debug|Any CPU.ActiveCfg = Debug|Any CPU
		{1144099E-74F3-496D-A6D9-0787F771C751}.Debug|Any CPU.Build.0 = Debug|Any CPU
		{1144099E-74F3-496D-A6D9-0787F771C751}.Release|Any CPU.ActiveCfg = Release|Any CPU
		{1144099E-74F3-496D-A6D9-0787F771C751}.Release|Any CPU.Build.0 = Release|Any CPU
		{22B5BECF-9CA0-4CAD-8238-9FBF3DE505DC}.Debug|Any CPU.ActiveCfg = Debug|Any CPU
		{22B5BECF-9CA0-4CAD-8238-9FBF3DE505DC}.Debug|Any CPU.Build.0 = Debug|Any CPU
		{22B5BECF-9CA0-4CAD-8238-9FBF3DE505DC}.Release|Any CPU.ActiveCfg = Release|Any CPU
		{22B5BECF-9CA0-4CAD-8238-9FBF3DE505DC}.Release|Any CPU.Build.0 = Release|Any CPU
		{1627AA17-CD52-411C-A4D4-CCAA5DEEC429}.Debug|Any CPU.ActiveCfg = Debug|Any CPU
		{1627AA17-CD52-411C-A4D4-CCAA5DEEC429}.Debug|Any CPU.Build.0 = Debug|Any CPU
		{1627AA17-CD52-411C-A4D4-CCAA5DEEC429}.Release|Any CPU.ActiveCfg = Release|Any CPU
		{1627AA17-CD52-411C-A4D4-CCAA5DEEC429}.Release|Any CPU.Build.0 = Release|Any CPU
		{38047C61-0E92-46E2-9A79-8FB67025268A}.Debug|Any CPU.ActiveCfg = Debug|Any CPU
		{38047C61-0E92-46E2-9A79-8FB67025268A}.Debug|Any CPU.Build.0 = Debug|Any CPU
		{38047C61-0E92-46E2-9A79-8FB67025268A}.Release|Any CPU.ActiveCfg = Release|Any CPU
		{38047C61-0E92-46E2-9A79-8FB67025268A}.Release|Any CPU.Build.0 = Release|Any CPU
	EndGlobalSection
	GlobalSection(SolutionProperties) = preSolution
		HideSolutionNode = FALSE
	EndGlobalSection
	GlobalSection(NestedProjects) = preSolution
		{8F89CC95-CAE6-4C71-93F5-08E2E84DE276} = {A9104719-1096-47F2-B447-C1B7D13E79ED}
		{33D2FF6B-9B65-4DBB-A873-C9352D646CE7} = {A9104719-1096-47F2-B447-C1B7D13E79ED}
		{0E202081-F099-442C-94C8-86CD7D686285} = {A9104719-1096-47F2-B447-C1B7D13E79ED}
		{5C92C83F-53DB-4D49-A6C0-4225A6C1CF0E} = {A9104719-1096-47F2-B447-C1B7D13E79ED}
		{D3BEF277-8D08-4CDC-8F91-765E410D8B77} = {A9104719-1096-47F2-B447-C1B7D13E79ED}
		{1C150413-91D6-4165-91E9-2BC512122C21} = {41DC0581-D946-411C-B292-76F598F2BE51}
		{02FFE2E3-E311-4BDA-90B8-A3B30CB9F672} = {41DC0581-D946-411C-B292-76F598F2BE51}
		{7A028985-5D71-4898-A7BC-E2359BE64A2A} = {41DC0581-D946-411C-B292-76F598F2BE51}
		{C8504262-426E-43DB-9A2A-0EAC0AC859A1} = {41DC0581-D946-411C-B292-76F598F2BE51}
		{42C713A5-6301-4598-B58A-C1C5E1E763F2} = {41DC0581-D946-411C-B292-76F598F2BE51}
		{250D2B70-1A7F-444B-8EAA-1A0D0AA490D2} = {41DC0581-D946-411C-B292-76F598F2BE51}
		{8767421E-0E90-4CC5-86B0-967D71F9143A} = {41DC0581-D946-411C-B292-76F598F2BE51}
		{7A7D5B7A-6B63-45FB-8976-CC6163976447} = {8B7E430F-C755-4213-9287-CF22C07D241D}
		{2BC447C8-3705-4BE1-9725-B68A016A90E4} = {8B7E430F-C755-4213-9287-CF22C07D241D}
		{2C1FD5B8-4484-4E94-A320-1D10F0D1118E} = {8B7E430F-C755-4213-9287-CF22C07D241D}
		{D3B42981-B0C7-4ACF-8757-5F654E5CC5B9} = {8B7E430F-C755-4213-9287-CF22C07D241D}
		{6BEDA1BF-BC6A-4527-9251-C344B33142A1} = {8B7E430F-C755-4213-9287-CF22C07D241D}
		{CBE50EF9-1BCC-4F66-BD44-C6D803C9D9CD} = {8B7E430F-C755-4213-9287-CF22C07D241D}
		{3CAB301E-2E2C-4ADE-9BE5-A11767873B9F} = {8B7E430F-C755-4213-9287-CF22C07D241D}
		{1144099E-74F3-496D-A6D9-0787F771C751} = {8B7E430F-C755-4213-9287-CF22C07D241D}
		{22B5BECF-9CA0-4CAD-8238-9FBF3DE505DC} = {8B7E430F-C755-4213-9287-CF22C07D241D}
		{1627AA17-CD52-411C-A4D4-CCAA5DEEC429} = {8B7E430F-C755-4213-9287-CF22C07D241D}
		{38047C61-0E92-46E2-9A79-8FB67025268A} = {8B7E430F-C755-4213-9287-CF22C07D241D}
	EndGlobalSection
	GlobalSection(ExtensibilityGlobals) = postSolution
		SolutionGuid = {8A16B5C7-4198-4D8D-863A-A52DC3DF97B1}
	EndGlobalSection
EndGlobal
